
Microsoft Visual Studio Solution File, Format Version 12.00
# Visual Studio Version 16
VisualStudioVersion = 16.0.29911.84
MinimumVisualStudioVersion = 10.0.40219.1
Project("{FAE04EC0-301F-11D3-BF4B-00C04F79EFBC}") = "AbsenceCoverageMS", "AbsenceCoverageMS\AbsenceCoverageMS.csproj", "{934886AC-1753-441C-92B1-0AE7728F3D29}"
EndProject
Global
	GlobalSection(SolutionConfigurationPlatforms) = preSolution
		Debug|Any CPU = Debug|Any CPU
		Release|Any CPU = Release|Any CPU
	EndGlobalSection
	GlobalSection(ProjectConfigurationPlatforms) = postSolution
		{934886AC-1753-441C-92B1-0AE7728F3D29}.Debug|Any CPU.ActiveCfg = Debug|Any CPU
		{934886AC-1753-441C-92B1-0AE7728F3D29}.Debug|Any CPU.Build.0 = Debug|Any CPU
		{934886AC-1753-441C-92B1-0AE7728F3D29}.Release|Any CPU.ActiveCfg = Release|Any CPU
		{934886AC-1753-441C-92B1-0AE7728F3D29}.Release|Any CPU.Build.0 = Release|Any CPU
	EndGlobalSection
	GlobalSection(SolutionProperties) = preSolution
		HideSolutionNode = FALSE
	EndGlobalSection
	GlobalSection(ExtensibilityGlobals) = postSolution
		SolutionGuid = {2E1888F8-F3E5-4967-9D26-E8B011D625B2}
	EndGlobalSection
EndGlobal
